
Microsoft Visual Studio Solution File, Format Version 10.00
# Visual Studio 2008
Project("{FAE04EC0-301F-11D3-BF4B-00C04F79EFBC}") = "Winnowing", "Winnowing\Winnowing.csproj", "{9745E228-0B9E-4F91-8E97-FEFEA59FC3AD}"
EndProject
Global
	GlobalSection(SolutionConfigurationPlatforms) = preSolution
		Debug|Any CPU = Debug|Any CPU
		Release|Any CPU = Release|Any CPU
	EndGlobalSection
	GlobalSection(ProjectConfigurationPlatforms) = postSolution
		{9745E228-0B9E-4F91-8E97-FEFEA59FC3AD}.Debug|Any CPU.ActiveCfg = Debug|Any CPU
		{9745E228-0B9E-4F91-8E97-FEFEA59FC3AD}.Debug|Any CPU.Build.0 = Debug|Any CPU
		{9745E228-0B9E-4F91-8E97-FEFEA59FC3AD}.Release|Any CPU.ActiveCfg = Release|Any CPU
		{9745E228-0B9E-4F91-8E97-FEFEA59FC3AD}.Release|Any CPU.Build.0 = Release|Any CPU
	EndGlobalSection
	GlobalSection(SolutionProperties) = preSolution
		HideSolutionNode = FALSE
	EndGlobalSection
EndGlobal
